
Microsoft Visual Studio Solution File, Format Version 12.00
# Visual Studio Version 17
VisualStudioVersion = 17.0.31903.59
MinimumVisualStudioVersion = 10.0.40219.1
Project("{9A19103F-16F7-4668-BE54-9A1E7A4F7556}") = "Microservices", "Microservices\Microservices.csproj", "{FCE55B4D-4ED7-4B67-B376-0453C1E67B86}"
EndProject
Project("{E53339B2-1760-4266-BCC7-CA923CBCF16C}") = "docker-compose", "docker-compose.dcproj", "{E07FA260-1358-4F56-9E9B-08EF283EF731}"
EndProject
Project("{9A19103F-16F7-4668-BE54-9A1E7A4F7556}") = "Microservices2", "Microservices2\Microservices2.csproj", "{B941C391-0E8F-463A-8395-FA88D36027F0}"
EndProject
Project("{FAE04EC0-301F-11D3-BF4B-00C04F79EFBC}") = "OcelotApiGw", "OcelotApiGw\OcelotApiGw.csproj", "{DFA34F56-BDBE-4F23-93E7-41CEE299EE2F}"
EndProject
Global
	GlobalSection(SolutionConfigurationPlatforms) = preSolution
		Debug|Any CPU = Debug|Any CPU
		Release|Any CPU = Release|Any CPU
	EndGlobalSection
	GlobalSection(ProjectConfigurationPlatforms) = postSolution
		{FCE55B4D-4ED7-4B67-B376-0453C1E67B86}.Debug|Any CPU.ActiveCfg = Debug|Any CPU
		{FCE55B4D-4ED7-4B67-B376-0453C1E67B86}.Debug|Any CPU.Build.0 = Debug|Any CPU
		{FCE55B4D-4ED7-4B67-B376-0453C1E67B86}.Release|Any CPU.ActiveCfg = Release|Any CPU
		{FCE55B4D-4ED7-4B67-B376-0453C1E67B86}.Release|Any CPU.Build.0 = Release|Any CPU
		{E07FA260-1358-4F56-9E9B-08EF283EF731}.Debug|Any CPU.ActiveCfg = Debug|Any CPU
		{E07FA260-1358-4F56-9E9B-08EF283EF731}.Debug|Any CPU.Build.0 = Debug|Any CPU
		{E07FA260-1358-4F56-9E9B-08EF283EF731}.Release|Any CPU.ActiveCfg = Release|Any CPU
		{E07FA260-1358-4F56-9E9B-08EF283EF731}.Release|Any CPU.Build.0 = Release|Any CPU
		{B941C391-0E8F-463A-8395-FA88D36027F0}.Debug|Any CPU.ActiveCfg = Debug|Any CPU
		{B941C391-0E8F-463A-8395-FA88D36027F0}.Debug|Any CPU.Build.0 = Debug|Any CPU
		{B941C391-0E8F-463A-8395-FA88D36027F0}.Release|Any CPU.ActiveCfg = Release|Any CPU
		{B941C391-0E8F-463A-8395-FA88D36027F0}.Release|Any CPU.Build.0 = Release|Any CPU
		{DFA34F56-BDBE-4F23-93E7-41CEE299EE2F}.Debug|Any CPU.ActiveCfg = Debug|Any CPU
		{DFA34F56-BDBE-4F23-93E7-41CEE299EE2F}.Debug|Any CPU.Build.0 = Debug|Any CPU
		{DFA34F56-BDBE-4F23-93E7-41CEE299EE2F}.Release|Any CPU.ActiveCfg = Release|Any CPU
		{DFA34F56-BDBE-4F23-93E7-41CEE299EE2F}.Release|Any CPU.Build.0 = Release|Any CPU
	EndGlobalSection
	GlobalSection(SolutionProperties) = preSolution
		HideSolutionNode = FALSE
	EndGlobalSection
	GlobalSection(ExtensibilityGlobals) = postSolution
		SolutionGuid = {68E0169B-AFBD-4269-B42D-C2BD49A288A4}
	EndGlobalSection
EndGlobal
